
Microsoft Visual Studio Solution File, Format Version 12.00
# Visual Studio Version 16
VisualStudioVersion = 16.0.30204.135
MinimumVisualStudioVersion = 10.0.40219.1
Project("{FAE04EC0-301F-11D3-BF4B-00C04F79EFBC}") = "Covid19NewsAndroid", "COVID19NEWANDROID\Covid19NewsAndroid.csproj", "{FE055259-442D-4FC3-9CB2-046392EBBF86}"
EndProject
Global
	GlobalSection(SolutionConfigurationPlatforms) = preSolution
		Debug|Any CPU = Debug|Any CPU
		Release|Any CPU = Release|Any CPU
	EndGlobalSection
	GlobalSection(ProjectConfigurationPlatforms) = postSolution
		{FE055259-442D-4FC3-9CB2-046392EBBF86}.Debug|Any CPU.ActiveCfg = Debug|Any CPU
		{FE055259-442D-4FC3-9CB2-046392EBBF86}.Debug|Any CPU.Build.0 = Debug|Any CPU
		{FE055259-442D-4FC3-9CB2-046392EBBF86}.Debug|Any CPU.Deploy.0 = Debug|Any CPU
		{FE055259-442D-4FC3-9CB2-046392EBBF86}.Release|Any CPU.ActiveCfg = Release|Any CPU
		{FE055259-442D-4FC3-9CB2-046392EBBF86}.Release|Any CPU.Build.0 = Release|Any CPU
		{FE055259-442D-4FC3-9CB2-046392EBBF86}.Release|Any CPU.Deploy.0 = Release|Any CPU
	EndGlobalSection
	GlobalSection(SolutionProperties) = preSolution
		HideSolutionNode = FALSE
	EndGlobalSection
	GlobalSection(ExtensibilityGlobals) = postSolution
		SolutionGuid = {833021B8-EA08-4DDB-A7FA-C804CAE3FD43}
	EndGlobalSection
EndGlobal
